{
    "_readme": [
        "This file locks the dependencies of your project to a known state",
        "Read more about it at https://getcomposer.org/doc/01-basic-usage.md#composer-lock-the-lock-file",
        "This file is @generated automatically"
    ],
    "content-hash": "f36d229a928958a2992811062431a025",
    "packages": [
        {
            "name": "components/jquery",
            "version": "dev-master",
            "source": {
                "type": "git",
                "url": "https://github.com/components/jquery.git",
                "reference": "e5534d4ab8e80c159553d507e358ed20a806d3bf"
            },
            "dist": {
                "type": "zip",
                "url": "https://api.github.com/repos/components/jquery/zipball/e5534d4ab8e80c159553d507e358ed20a806d3bf",
                "reference": "e5534d4ab8e80c159553d507e358ed20a806d3bf",
                "shasum": ""
            },
            "type": "component",
            "extra": {
                "component": {
                    "scripts": [
                        "jquery.js"
                    ],
                    "files": [
                        "jquery.min.js",
                        "jquery.min.map",
                        "jquery.slim.js",
                        "jquery.slim.min.js",
                        "jquery.slim.min.map"
                    ]
                }
            },
            "license": [
                "MIT"
            ],
            "authors": [
                {
                    "name": "JS Foundation and other contributors",
                    "url": "https://github.com/jquery/jquery/blob/master/AUTHORS.txt"
                }
            ],
            "description": "jQuery JavaScript Library",
            "homepage": "http://jquery.com",
            "support": {
                "irc": "irc://irc.freenode.org/jquery",
                "issues": "https://github.com/jquery/jquery/issues",
                "forum": "http://forum.jquery.com",
                "wiki": "http://docs.jquery.com/",
                "source": "https://github.com/jquery/jquery"
            },
            "time": "2017-03-21 07:01:49"
        }
    ],
    "packages-dev": [],
    "aliases": [],
    "minimum-stability": "stable",
    "stability-flags": {
        "components/jquery": 20
    },
    "prefer-stable": false,
    "prefer-lowest": false,
    "platform": [],
    "platform-dev": []
}
